
Microsoft Visual Studio Solution File, Format Version 12.00
# Visual Studio Version 16
VisualStudioVersion = 16.0.29215.179
MinimumVisualStudioVersion = 10.0.40219.1
Project("{FAE04EC0-301F-11D3-BF4B-00C04F79EFBC}") = "AverageValues", "AverageValues\AverageValues.csproj", "{2D3ACE7C-3E86-42BE-9BCB-23721D7B983B}"
EndProject
Global
	GlobalSection(SolutionConfigurationPlatforms) = preSolution
		Debug|Any CPU = Debug|Any CPU
		Release|Any CPU = Release|Any CPU
	EndGlobalSection
	GlobalSection(ProjectConfigurationPlatforms) = postSolution
		{2D3ACE7C-3E86-42BE-9BCB-23721D7B983B}.Debug|Any CPU.ActiveCfg = Debug|Any CPU
		{2D3ACE7C-3E86-42BE-9BCB-23721D7B983B}.Debug|Any CPU.Build.0 = Debug|Any CPU
		{2D3ACE7C-3E86-42BE-9BCB-23721D7B983B}.Release|Any CPU.ActiveCfg = Release|Any CPU
		{2D3ACE7C-3E86-42BE-9BCB-23721D7B983B}.Release|Any CPU.Build.0 = Release|Any CPU
	EndGlobalSection
	GlobalSection(SolutionProperties) = preSolution
		HideSolutionNode = FALSE
	EndGlobalSection
	GlobalSection(ExtensibilityGlobals) = postSolution
		SolutionGuid = {F2EAA0AE-8234-4F1F-84CE-11A593B9F61F}
	EndGlobalSection
EndGlobal
